
Microsoft Visual Studio Solution File, Format Version 12.00
# Visual Studio Version 17
VisualStudioVersion = 17.0.32126.317
MinimumVisualStudioVersion = 10.0.40219.1
Project("{00D1A9C2-B5F0-4AF3-8072-F6C62B433612}") = "IntelART.Ameria.CLRServices", "IntelART.Ameria.CLRServices\IntelART.Ameria.CLRServices.sqlproj", "{9FDD381F-645F-4F94-9623-28653ED8F5D3}"
EndProject
Global
	GlobalSection(SolutionConfigurationPlatforms) = preSolution
		Debug|Any CPU = Debug|Any CPU
		Release|Any CPU = Release|Any CPU
	EndGlobalSection
	GlobalSection(ProjectConfigurationPlatforms) = postSolution
		{9FDD381F-645F-4F94-9623-28653ED8F5D3}.Debug|Any CPU.ActiveCfg = Debug|Any CPU
		{9FDD381F-645F-4F94-9623-28653ED8F5D3}.Debug|Any CPU.Build.0 = Debug|Any CPU
		{9FDD381F-645F-4F94-9623-28653ED8F5D3}.Debug|Any CPU.Deploy.0 = Debug|Any CPU
		{9FDD381F-645F-4F94-9623-28653ED8F5D3}.Release|Any CPU.ActiveCfg = Release|Any CPU
		{9FDD381F-645F-4F94-9623-28653ED8F5D3}.Release|Any CPU.Build.0 = Release|Any CPU
		{9FDD381F-645F-4F94-9623-28653ED8F5D3}.Release|Any CPU.Deploy.0 = Release|Any CPU
	EndGlobalSection
	GlobalSection(SolutionProperties) = preSolution
		HideSolutionNode = FALSE
	EndGlobalSection
	GlobalSection(ExtensibilityGlobals) = postSolution
		SolutionGuid = {B1938AFE-FEFC-4BE6-94D3-4ED1A19A41EB}
	EndGlobalSection
EndGlobal
